
Microsoft Visual Studio Solution File, Format Version 12.00
# Visual Studio Version 17
VisualStudioVersion = 17.8.34330.188
MinimumVisualStudioVersion = 10.0.40219.1
Project("{9A19103F-16F7-4668-BE54-9A1E7A4F7556}") = "TestingRepDemo", "TestingRepDemo\TestingRepDemo.csproj", "{78D41B56-5F3F-401D-819B-00E66C65C8A9}"
EndProject
Project("{9A19103F-16F7-4668-BE54-9A1E7A4F7556}") = "TestingRepDemoTests", "TestingRepDemoTests\TestingRepDemoTests.csproj", "{28EF7216-958F-41F3-A21E-F44CE3854CA6}"
EndProject
Global
	GlobalSection(SolutionConfigurationPlatforms) = preSolution
		Debug|Any CPU = Debug|Any CPU
		Release|Any CPU = Release|Any CPU
	EndGlobalSection
	GlobalSection(ProjectConfigurationPlatforms) = postSolution
		{78D41B56-5F3F-401D-819B-00E66C65C8A9}.Debug|Any CPU.ActiveCfg = Debug|Any CPU
		{78D41B56-5F3F-401D-819B-00E66C65C8A9}.Debug|Any CPU.Build.0 = Debug|Any CPU
		{78D41B56-5F3F-401D-819B-00E66C65C8A9}.Release|Any CPU.ActiveCfg = Release|Any CPU
		{78D41B56-5F3F-401D-819B-00E66C65C8A9}.Release|Any CPU.Build.0 = Release|Any CPU
		{28EF7216-958F-41F3-A21E-F44CE3854CA6}.Debug|Any CPU.ActiveCfg = Debug|Any CPU
		{28EF7216-958F-41F3-A21E-F44CE3854CA6}.Debug|Any CPU.Build.0 = Debug|Any CPU
		{28EF7216-958F-41F3-A21E-F44CE3854CA6}.Release|Any CPU.ActiveCfg = Release|Any CPU
		{28EF7216-958F-41F3-A21E-F44CE3854CA6}.Release|Any CPU.Build.0 = Release|Any CPU
	EndGlobalSection
	GlobalSection(SolutionProperties) = preSolution
		HideSolutionNode = FALSE
	EndGlobalSection
	GlobalSection(ExtensibilityGlobals) = postSolution
		SolutionGuid = {4B9D7225-BD4F-4CC5-97E1-EC972B71DA8A}
	EndGlobalSection
EndGlobal
